{
  "object": {
    "pins": [
      {
        "package": "Datadog",
        "repositoryURL": "https://github.com/DataDog/dd-sdk-ios.git",
        "state": {
          "branch": null,
          "revision": "7c515bb9ce3358ca0a6e84df53905cc19897faa5",
          "version": "1.9.0"
        }
      },
      {
        "package": "PLCrashReporter",
        "repositoryURL": "https://github.com/microsoft/plcrashreporter.git",
        "state": {
          "branch": null,
          "revision": "6b27393cad517c067dceea85fadf050e70c4ceaa",
          "version": "1.10.1"
        }
      }
    ]
  },
  "version": 1
}
