{
  "object": {
    "pins": [
      {
        "package": "Datadog",
        "repositoryURL": "https://github.com/DataDog/dd-sdk-ios.git",
        "state": {
          "branch": null,
          "revision": "75c66ac3f026ca6a980c4be1062c887efeaa6e9e",
          "version": "1.5.1"
        }
      },
      {
        "package": "Kronos",
        "repositoryURL": "https://github.com/lyft/Kronos.git",
        "state": {
          "branch": null,
          "revision": "fca6a28088028c709df921307032ccb7fcab4bc0",
          "version": "4.1.1"
        }
      }
    ]
  },
  "version": 1
}
